
Microsoft Visual Studio Solution File, Format Version 12.00
# Visual Studio Version 17
VisualStudioVersion = 17.8.34511.84
MinimumVisualStudioVersion = 10.0.40219.1
Project("{FAE04EC0-301F-11D3-BF4B-00C04F79EFBC}") = "Tezo_Todo", "Tezo_Todo\Tezo_Todo.csproj", "{407C5623-38BD-4FC2-895A-71B73B26BB04}"
EndProject
Global
	GlobalSection(SolutionConfigurationPlatforms) = preSolution
		Debug|Any CPU = Debug|Any CPU
		Release|Any CPU = Release|Any CPU
	EndGlobalSection
	GlobalSection(ProjectConfigurationPlatforms) = postSolution
		{407C5623-38BD-4FC2-895A-71B73B26BB04}.Debug|Any CPU.ActiveCfg = Debug|Any CPU
		{407C5623-38BD-4FC2-895A-71B73B26BB04}.Debug|Any CPU.Build.0 = Debug|Any CPU
		{407C5623-38BD-4FC2-895A-71B73B26BB04}.Release|Any CPU.ActiveCfg = Release|Any CPU
		{407C5623-38BD-4FC2-895A-71B73B26BB04}.Release|Any CPU.Build.0 = Release|Any CPU
	EndGlobalSection
	GlobalSection(SolutionProperties) = preSolution
		HideSolutionNode = FALSE
	EndGlobalSection
	GlobalSection(ExtensibilityGlobals) = postSolution
		SolutionGuid = {6AADE1F0-EF91-4C33-B2B3-53B7483D7EBD}
	EndGlobalSection
EndGlobal
